
Microsoft Visual Studio Solution File, Format Version 12.00
# Visual Studio Version 17
VisualStudioVersion = 17.14.36109.1
MinimumVisualStudioVersion = 10.0.40219.1
Project("{2150E333-8FDC-42A3-9474-1A3956D46DE8}") = "Presentation", "Presentation", "{02EA681E-C7D8-13C7-8484-4AC65E1B71E8}"
EndProject
Project("{2150E333-8FDC-42A3-9474-1A3956D46DE8}") = "Application", "Application", "{D4F24C1E-969C-4B01-AB60-5F746F2CF671}"
EndProject
Project("{2150E333-8FDC-42A3-9474-1A3956D46DE8}") = "Domain", "Domain", "{88460CA4-311D-47F7-BC96-3537550B72B1}"
EndProject
Project("{FAE04EC0-301F-11D3-BF4B-00C04F79EFBC}") = "SGHR.Application", "SGHR.Application\SGHR.Application.csproj", "{15794B06-89D6-41BA-8FD5-03C9459A3FC7}"
EndProject
Project("{FAE04EC0-301F-11D3-BF4B-00C04F79EFBC}") = "SGHR.Domain", "SGHR.Domain\SGHR.Domain.csproj", "{0B43DDCB-2568-4D49-8505-DD7915EA54A5}"
EndProject
Project("{FAE04EC0-301F-11D3-BF4B-00C04F79EFBC}") = "SGHR.Web", "SGHR.Web\SGHR.Web.csproj", "{1EF28C10-80C5-4B24-8A5C-326F2A98C6A7}"
EndProject
Project("{2150E333-8FDC-42A3-9474-1A3956D46DE8}") = "Infraestructure", "Infraestructure", "{F2F320FB-5C43-4765-BC91-0B01B8C3122E}"
EndProject
Project("{FAE04EC0-301F-11D3-BF4B-00C04F79EFBC}") = "SGHR.Persistance", "SGHR.Persistance\SGHR.Persistance.csproj", "{FAF5AEE5-1848-492A-9547-2D8CDE32022D}"
EndProject
Project("{FAE04EC0-301F-11D3-BF4B-00C04F79EFBC}") = "SGHR.Infraestructure", "SGHR.Infraestructure\SGHR.Infraestructure.csproj", "{4EC4A47C-E66F-4A19-B3DE-E56A4C9BD9A0}"
EndProject
Project("{2150E333-8FDC-42A3-9474-1A3956D46DE8}") = "API", "API", "{1992B986-23C3-4D88-B0CD-BC44EC96EE21}"
EndProject
Project("{FAE04EC0-301F-11D3-BF4B-00C04F79EFBC}") = "SGHR.WebApp.Api", "SGHR.WebApp.Api\SGHR.WebApp.Api.csproj", "{FFD4209F-BE2E-4CB8-B493-0F7713466E1A}"
EndProject
Project("{FAE04EC0-301F-11D3-BF4B-00C04F79EFBC}") = "SGHR.Model", "SGHR.Model\SGHR.Model.csproj", "{A691E5FD-D2CB-4918-8F71-B821A2AE136D}"
EndProject
Project("{2150E333-8FDC-42A3-9474-1A3956D46DE8}") = "IOC", "IOC", "{DC2F974F-4A4E-4901-BD68-3CB52D283DC7}"
EndProject
Project("{FAE04EC0-301F-11D3-BF4B-00C04F79EFBC}") = "SGHR.IOC", "SGHR.IOC\SGHR.IOC.csproj", "{C41A29A9-994C-4D1B-8EAF-AF4040BD5BC9}"
EndProject
Project("{2150E333-8FDC-42A3-9474-1A3956D46DE8}") = "Test", "Test", "{4281595E-CEA5-4F00-8458-970257D97B4A}"
EndProject
Project("{FAE04EC0-301F-11D3-BF4B-00C04F79EFBC}") = "SGHR.Persistence.Test", "SGHR.Persistence.Test\SGHR.Persistence.Test.csproj", "{04D215F9-6FA7-4C89-ABED-95EBEDBFFBD8}"
EndProject
Project("{FAE04EC0-301F-11D3-BF4B-00C04F79EFBC}") = "SGHR.Application.Test", "SGHR.Application.Test\SGHR.Application.Test.csproj", "{7E3896D3-3F29-431B-A32B-7AA6B3316800}"
EndProject
Global
	GlobalSection(SolutionConfigurationPlatforms) = preSolution
		Debug|Any CPU = Debug|Any CPU
		Release|Any CPU = Release|Any CPU
	EndGlobalSection
	GlobalSection(ProjectConfigurationPlatforms) = postSolution
		{15794B06-89D6-41BA-8FD5-03C9459A3FC7}.Debug|Any CPU.ActiveCfg = Debug|Any CPU
		{15794B06-89D6-41BA-8FD5-03C9459A3FC7}.Debug|Any CPU.Build.0 = Debug|Any CPU
		{15794B06-89D6-41BA-8FD5-03C9459A3FC7}.Release|Any CPU.ActiveCfg = Release|Any CPU
		{15794B06-89D6-41BA-8FD5-03C9459A3FC7}.Release|Any CPU.Build.0 = Release|Any CPU
		{0B43DDCB-2568-4D49-8505-DD7915EA54A5}.Debug|Any CPU.ActiveCfg = Debug|Any CPU
		{0B43DDCB-2568-4D49-8505-DD7915EA54A5}.Debug|Any CPU.Build.0 = Debug|Any CPU
		{0B43DDCB-2568-4D49-8505-DD7915EA54A5}.Release|Any CPU.ActiveCfg = Release|Any CPU
		{0B43DDCB-2568-4D49-8505-DD7915EA54A5}.Release|Any CPU.Build.0 = Release|Any CPU
		{1EF28C10-80C5-4B24-8A5C-326F2A98C6A7}.Debug|Any CPU.ActiveCfg = Debug|Any CPU
		{1EF28C10-80C5-4B24-8A5C-326F2A98C6A7}.Debug|Any CPU.Build.0 = Debug|Any CPU
		{1EF28C10-80C5-4B24-8A5C-326F2A98C6A7}.Release|Any CPU.ActiveCfg = Release|Any CPU
		{1EF28C10-80C5-4B24-8A5C-326F2A98C6A7}.Release|Any CPU.Build.0 = Release|Any CPU
		{FAF5AEE5-1848-492A-9547-2D8CDE32022D}.Debug|Any CPU.ActiveCfg = Debug|Any CPU
		{FAF5AEE5-1848-492A-9547-2D8CDE32022D}.Debug|Any CPU.Build.0 = Debug|Any CPU
		{FAF5AEE5-1848-492A-9547-2D8CDE32022D}.Release|Any CPU.ActiveCfg = Release|Any CPU
		{FAF5AEE5-1848-492A-9547-2D8CDE32022D}.Release|Any CPU.Build.0 = Release|Any CPU
		{4EC4A47C-E66F-4A19-B3DE-E56A4C9BD9A0}.Debug|Any CPU.ActiveCfg = Debug|Any CPU
		{4EC4A47C-E66F-4A19-B3DE-E56A4C9BD9A0}.Debug|Any CPU.Build.0 = Debug|Any CPU
		{4EC4A47C-E66F-4A19-B3DE-E56A4C9BD9A0}.Release|Any CPU.ActiveCfg = Release|Any CPU
		{4EC4A47C-E66F-4A19-B3DE-E56A4C9BD9A0}.Release|Any CPU.Build.0 = Release|Any CPU
		{FFD4209F-BE2E-4CB8-B493-0F7713466E1A}.Debug|Any CPU.ActiveCfg = Debug|Any CPU
		{FFD4209F-BE2E-4CB8-B493-0F7713466E1A}.Debug|Any CPU.Build.0 = Debug|Any CPU
		{FFD4209F-BE2E-4CB8-B493-0F7713466E1A}.Release|Any CPU.ActiveCfg = Release|Any CPU
		{FFD4209F-BE2E-4CB8-B493-0F7713466E1A}.Release|Any CPU.Build.0 = Release|Any CPU
		{A691E5FD-D2CB-4918-8F71-B821A2AE136D}.Debug|Any CPU.ActiveCfg = Debug|Any CPU
		{A691E5FD-D2CB-4918-8F71-B821A2AE136D}.Debug|Any CPU.Build.0 = Debug|Any CPU
		{A691E5FD-D2CB-4918-8F71-B821A2AE136D}.Release|Any CPU.ActiveCfg = Release|Any CPU
		{A691E5FD-D2CB-4918-8F71-B821A2AE136D}.Release|Any CPU.Build.0 = Release|Any CPU
		{C41A29A9-994C-4D1B-8EAF-AF4040BD5BC9}.Debug|Any CPU.ActiveCfg = Debug|Any CPU
		{C41A29A9-994C-4D1B-8EAF-AF4040BD5BC9}.Debug|Any CPU.Build.0 = Debug|Any CPU
		{C41A29A9-994C-4D1B-8EAF-AF4040BD5BC9}.Release|Any CPU.ActiveCfg = Release|Any CPU
		{C41A29A9-994C-4D1B-8EAF-AF4040BD5BC9}.Release|Any CPU.Build.0 = Release|Any CPU
		{04D215F9-6FA7-4C89-ABED-95EBEDBFFBD8}.Debug|Any CPU.ActiveCfg = Debug|Any CPU
		{04D215F9-6FA7-4C89-ABED-95EBEDBFFBD8}.Debug|Any CPU.Build.0 = Debug|Any CPU
		{04D215F9-6FA7-4C89-ABED-95EBEDBFFBD8}.Release|Any CPU.ActiveCfg = Release|Any CPU
		{04D215F9-6FA7-4C89-ABED-95EBEDBFFBD8}.Release|Any CPU.Build.0 = Release|Any CPU
		{7E3896D3-3F29-431B-A32B-7AA6B3316800}.Debug|Any CPU.ActiveCfg = Debug|Any CPU
		{7E3896D3-3F29-431B-A32B-7AA6B3316800}.Debug|Any CPU.Build.0 = Debug|Any CPU
		{7E3896D3-3F29-431B-A32B-7AA6B3316800}.Release|Any CPU.ActiveCfg = Release|Any CPU
		{7E3896D3-3F29-431B-A32B-7AA6B3316800}.Release|Any CPU.Build.0 = Release|Any CPU
	EndGlobalSection
	GlobalSection(SolutionProperties) = preSolution
		HideSolutionNode = FALSE
	EndGlobalSection
	GlobalSection(NestedProjects) = preSolution
		{15794B06-89D6-41BA-8FD5-03C9459A3FC7} = {D4F24C1E-969C-4B01-AB60-5F746F2CF671}
		{0B43DDCB-2568-4D49-8505-DD7915EA54A5} = {88460CA4-311D-47F7-BC96-3537550B72B1}
		{1EF28C10-80C5-4B24-8A5C-326F2A98C6A7} = {02EA681E-C7D8-13C7-8484-4AC65E1B71E8}
		{FAF5AEE5-1848-492A-9547-2D8CDE32022D} = {F2F320FB-5C43-4765-BC91-0B01B8C3122E}
		{4EC4A47C-E66F-4A19-B3DE-E56A4C9BD9A0} = {F2F320FB-5C43-4765-BC91-0B01B8C3122E}
		{FFD4209F-BE2E-4CB8-B493-0F7713466E1A} = {1992B986-23C3-4D88-B0CD-BC44EC96EE21}
		{A691E5FD-D2CB-4918-8F71-B821A2AE136D} = {88460CA4-311D-47F7-BC96-3537550B72B1}
		{C41A29A9-994C-4D1B-8EAF-AF4040BD5BC9} = {DC2F974F-4A4E-4901-BD68-3CB52D283DC7}
		{04D215F9-6FA7-4C89-ABED-95EBEDBFFBD8} = {4281595E-CEA5-4F00-8458-970257D97B4A}
		{7E3896D3-3F29-431B-A32B-7AA6B3316800} = {4281595E-CEA5-4F00-8458-970257D97B4A}
	EndGlobalSection
	GlobalSection(ExtensibilityGlobals) = postSolution
		SolutionGuid = {3743C802-5712-4B5A-A208-C06F2423FBF8}
	EndGlobalSection
EndGlobal
